
Microsoft Visual Studio Solution File, Format Version 12.00
# Visual Studio Version 17
VisualStudioVersion = 17.1.32319.34
MinimumVisualStudioVersion = 10.0.40219.1
Project("{FAE04EC0-301F-11D3-BF4B-00C04F79EFBC}") = "4_Calculate", "4_Calculate\4_Calculate.csproj", "{7EFAA411-1236-4D0E-9826-D909EC5E8297}"
EndProject
Global
	GlobalSection(SolutionConfigurationPlatforms) = preSolution
		Debug|Any CPU = Debug|Any CPU
		Release|Any CPU = Release|Any CPU
	EndGlobalSection
	GlobalSection(ProjectConfigurationPlatforms) = postSolution
		{7EFAA411-1236-4D0E-9826-D909EC5E8297}.Debug|Any CPU.ActiveCfg = Debug|Any CPU
		{7EFAA411-1236-4D0E-9826-D909EC5E8297}.Debug|Any CPU.Build.0 = Debug|Any CPU
		{7EFAA411-1236-4D0E-9826-D909EC5E8297}.Release|Any CPU.ActiveCfg = Release|Any CPU
		{7EFAA411-1236-4D0E-9826-D909EC5E8297}.Release|Any CPU.Build.0 = Release|Any CPU
	EndGlobalSection
	GlobalSection(SolutionProperties) = preSolution
		HideSolutionNode = FALSE
	EndGlobalSection
	GlobalSection(ExtensibilityGlobals) = postSolution
		SolutionGuid = {4A5F7774-D177-41DA-997B-0F30A61165B2}
	EndGlobalSection
EndGlobal
